// !$*UTF8*$!
{
	archiveVersion = 1;
	classes = {
	};
	objectVersion = 48;
	objects = {

/* Begin PBXBuildFile section */
		9073569A1FFEC5470063AE57 /* TVShows.swift in Sources */ = {isa = PBXBuildFile; fileRef = 907356991FFEC5470063AE57 /* TVShows.swift */; };
		907D4DC02006D7FC000E765D /* ImageCaching.swift in Sources */ = {isa = PBXBuildFile; fileRef = 907D4DBF2006D7FC000E765D /* ImageCaching.swift */; };
		90A30E401FFBFC4F0046A03F /* SearchViewController.swift in Sources */ = {isa = PBXBuildFile; fileRef = 90A30E3F1FFBFC4F0046A03F /* SearchViewController.swift */; };
		90BD99A91FF7830900FB2756 /* AppDelegate.swift in Sources */ = {isa = PBXBuildFile; fileRef = 90BD99A81FF7830900FB2756 /* AppDelegate.swift */; };
		90BD99AB1FF7830900FB2756 /* MainViewController.swift in Sources */ = {isa = PBXBuildFile; fileRef = 90BD99AA1FF7830900FB2756 /* MainViewController.swift */; };
		90BD99AE1FF7830900FB2756 /* Main.storyboard in Resources */ = {isa = PBXBuildFile; fileRef = 90BD99AC1FF7830900FB2756 /* Main.storyboard */; };
		90BD99B01FF7830900FB2756 /* Assets.xcassets in Resources */ = {isa = PBXBuildFile; fileRef = 90BD99AF1FF7830900FB2756 /* Assets.xcassets */; };
		90BD99B31FF7830900FB2756 /* LaunchScreen.storyboard in Resources */ = {isa = PBXBuildFile; fileRef = 90BD99B11FF7830900FB2756 /* LaunchScreen.storyboard */; };
		90BD99BE1FF7830900FB2756 /* MDBTests.swift in Sources */ = {isa = PBXBuildFile; fileRef = 90BD99BD1FF7830900FB2756 /* MDBTests.swift */; };
		90BD99C91FF7830900FB2756 /* MDBUITests.swift in Sources */ = {isa = PBXBuildFile; fileRef = 90BD99C81FF7830900FB2756 /* MDBUITests.swift */; };
		90BD99DA1FF785B900FB2756 /* Movie.swift in Sources */ = {isa = PBXBuildFile; fileRef = 90BD99D91FF785B900FB2756 /* Movie.swift */; };
		90BD99DC1FF78A7600FB2756 /* Constats.swift in Sources */ = {isa = PBXBuildFile; fileRef = 90BD99DB1FF78A7600FB2756 /* Constats.swift */; };
		90BD99DE1FF7C0A500FB2756 /* MovieCell.swift in Sources */ = {isa = PBXBuildFile; fileRef = 90BD99DD1FF7C0A500FB2756 /* MovieCell.swift */; };
/* End PBXBuildFile section */

/* Begin PBXContainerItemProxy section */
		90BD99BA1FF7830900FB2756 /* PBXContainerItemProxy */ = {
			isa = PBXContainerItemProxy;
			containerPortal = 90BD999D1FF7830900FB2756 /* Project object */;
			proxyType = 1;
			remoteGlobalIDString = 90BD99A41FF7830900FB2756;
			remoteInfo = MDB;
		};
		90BD99C51FF7830900FB2756 /* PBXContainerItemProxy */ = {
			isa = PBXContainerItemProxy;
			containerPortal = 90BD999D1FF7830900FB2756 /* Project object */;
			proxyType = 1;
			remoteGlobalIDString = 90BD99A41FF7830900FB2756;
			remoteInfo = MDB;
		};
/* End PBXContainerItemProxy section */

/* Begin PBXFileReference section */
		907356991FFEC5470063AE57 /* TVShows.swift */ = {isa = PBXFileReference; lastKnownFileType = sourcecode.swift; path = TVShows.swift; sourceTree = "<group>"; };
		907D4DBF2006D7FC000E765D /* ImageCaching.swift */ = {isa = PBXFileReference; lastKnownFileType = sourcecode.swift; path = ImageCaching.swift; sourceTree = "<group>"; };
		90A30E3F1FFBFC4F0046A03F /* SearchViewController.swift */ = {isa = PBXFileReference; lastKnownFileType = sourcecode.swift; path = SearchViewController.swift; sourceTree = "<group>"; };
		90BD99A51FF7830900FB2756 /* MDB.app */ = {isa = PBXFileReference; explicitFileType = wrapper.application; includeInIndex = 0; path = MDB.app; sourceTree = BUILT_PRODUCTS_DIR; };
		90BD99A81FF7830900FB2756 /* AppDelegate.swift */ = {isa = PBXFileReference; lastKnownFileType = sourcecode.swift; path = AppDelegate.swift; sourceTree = "<group>"; };
		90BD99AA1FF7830900FB2756 /* MainViewController.swift */ = {isa = PBXFileReference; lastKnownFileType = sourcecode.swift; path = MainViewController.swift; sourceTree = "<group>"; };
		90BD99AD1FF7830900FB2756 /* Base */ = {isa = PBXFileReference; lastKnownFileType = file.storyboard; name = Base; path = Base.lproj/Main.storyboard; sourceTree = "<group>"; };
		90BD99AF1FF7830900FB2756 /* Assets.xcassets */ = {isa = PBXFileReference; lastKnownFileType = folder.assetcatalog; path = Assets.xcassets; sourceTree = "<group>"; };
		90BD99B21FF7830900FB2756 /* Base */ = {isa = PBXFileReference; lastKnownFileType = file.storyboard; name = Base; path = Base.lproj/LaunchScreen.storyboard; sourceTree = "<group>"; };
		90BD99B41FF7830900FB2756 /* Info.plist */ = {isa = PBXFileReference; lastKnownFileType = text.plist.xml; path = Info.plist; sourceTree = "<group>"; };
		90BD99B91FF7830900FB2756 /* MDBTests.xctest */ = {isa = PBXFileReference; explicitFileType = wrapper.cfbundle; includeInIndex = 0; path = MDBTests.xctest; sourceTree = BUILT_PRODUCTS_DIR; };
		90BD99BD1FF7830900FB2756 /* MDBTests.swift */ = {isa = PBXFileReference; lastKnownFileType = sourcecode.swift; path = MDBTests.swift; sourceTree = "<group>"; };
		90BD99BF1FF7830900FB2756 /* Info.plist */ = {isa = PBXFileReference; lastKnownFileType = text.plist.xml; path = Info.plist; sourceTree = "<group>"; };
		90BD99C41FF7830900FB2756 /* MDBUITests.xctest */ = {isa = PBXFileReference; explicitFileType = wrapper.cfbundle; includeInIndex = 0; path = MDBUITests.xctest; sourceTree = BUILT_PRODUCTS_DIR; };
		90BD99C81FF7830900FB2756 /* MDBUITests.swift */ = {isa = PBXFileReference; lastKnownFileType = sourcecode.swift; path = MDBUITests.swift; sourceTree = "<group>"; };
		90BD99CA1FF7830A00FB2756 /* Info.plist */ = {isa = PBXFileReference; lastKnownFileType = text.plist.xml; path = Info.plist; sourceTree = "<group>"; };
		90BD99D91FF785B900FB2756 /* Movie.swift */ = {isa = PBXFileReference; lastKnownFileType = sourcecode.swift; path = Movie.swift; sourceTree = "<group>"; };
		90BD99DB1FF78A7600FB2756 /* Constats.swift */ = {isa = PBXFileReference; lastKnownFileType = sourcecode.swift; path = Constats.swift; sourceTree = "<group>"; };
		90BD99DD1FF7C0A500FB2756 /* MovieCell.swift */ = {isa = PBXFileReference; lastKnownFileType = sourcecode.swift; path = MovieCell.swift; sourceTree = "<group>"; };
/* End PBXFileReference section */

/* Begin PBXFrameworksBuildPhase section */
		90BD99A21FF7830900FB2756 /* Frameworks */ = {
			isa = PBXFrameworksBuildPhase;
			buildActionMask = 2147483647;
			files = (
			);
			runOnlyForDeploymentPostprocessing = 0;
		};
		90BD99B61FF7830900FB2756 /* Frameworks */ = {
			isa = PBXFrameworksBuildPhase;
			buildActionMask = 2147483647;
			files = (
			);
			runOnlyForDeploymentPostprocessing = 0;
		};
		90BD99C11FF7830900FB2756 /* Frameworks */ = {
			isa = PBXFrameworksBuildPhase;
			buildActionMask = 2147483647;
			files = (
			);
			runOnlyForDeploymentPostprocessing = 0;
		};
/* End PBXFrameworksBuildPhase section */

/* Begin PBXGroup section */
		907D4DBE2006D7CF000E765D /* Helper */ = {
			isa = PBXGroup;
			children = (
				907D4DBF2006D7FC000E765D /* ImageCaching.swift */,
			);
			path = Helper;
			sourceTree = "<group>";
		};
		90BD999C1FF7830900FB2756 = {
			isa = PBXGroup;
			children = (
				90BD99A71FF7830900FB2756 /* MDB */,
				90BD99BC1FF7830900FB2756 /* MDBTests */,
				90BD99C71FF7830900FB2756 /* MDBUITests */,
				90BD99A61FF7830900FB2756 /* Products */,
			);
			sourceTree = "<group>";
		};
		90BD99A61FF7830900FB2756 /* Products */ = {
			isa = PBXGroup;
			children = (
				90BD99A51FF7830900FB2756 /* MDB.app */,
				90BD99B91FF7830900FB2756 /* MDBTests.xctest */,
				90BD99C41FF7830900FB2756 /* MDBUITests.xctest */,
			);
			name = Products;
			sourceTree = "<group>";
		};
		90BD99A71FF7830900FB2756 /* MDB */ = {
			isa = PBXGroup;
			children = (
				907D4DBE2006D7CF000E765D /* Helper */,
				90BD99D81FF7836B00FB2756 /* Controller */,
				90BD99D71FF7836300FB2756 /* View */,
				90BD99D61FF7835900FB2756 /* Model */,
				90BD99A81FF7830900FB2756 /* AppDelegate.swift */,
				90BD99AC1FF7830900FB2756 /* Main.storyboard */,
				90BD99AF1FF7830900FB2756 /* Assets.xcassets */,
				90BD99B11FF7830900FB2756 /* LaunchScreen.storyboard */,
				90BD99B41FF7830900FB2756 /* Info.plist */,
			);
			path = MDB;
			sourceTree = "<group>";
		};
		90BD99BC1FF7830900FB2756 /* MDBTests */ = {
			isa = PBXGroup;
			children = (
				90BD99BD1FF7830900FB2756 /* MDBTests.swift */,
				90BD99BF1FF7830900FB2756 /* Info.plist */,
			);
			path = MDBTests;
			sourceTree = "<group>";
		};
		90BD99C71FF7830900FB2756 /* MDBUITests */ = {
			isa = PBXGroup;
			children = (
				90BD99C81FF7830900FB2756 /* MDBUITests.swift */,
				90BD99CA1FF7830A00FB2756 /* Info.plist */,
			);
			path = MDBUITests;
			sourceTree = "<group>";
		};
		90BD99D61FF7835900FB2756 /* Model */ = {
			isa = PBXGroup;
			children = (
				90BD99D91FF785B900FB2756 /* Movie.swift */,
				90BD99DB1FF78A7600FB2756 /* Constats.swift */,
				907356991FFEC5470063AE57 /* TVShows.swift */,
			);
			path = Model;
			sourceTree = "<group>";
		};
		90BD99D71FF7836300FB2756 /* View */ = {
			isa = PBXGroup;
			children = (
				90BD99DD1FF7C0A500FB2756 /* MovieCell.swift */,
			);
			path = View;
			sourceTree = "<group>";
		};
		90BD99D81FF7836B00FB2756 /* Controller */ = {
			isa = PBXGroup;
			children = (
				90BD99AA1FF7830900FB2756 /* MainViewController.swift */,
				90A30E3F1FFBFC4F0046A03F /* SearchViewController.swift */,
			);
			path = Controller;
			sourceTree = "<group>";
		};
/* End PBXGroup section */

/* Begin PBXNativeTarget section */
		90BD99A41FF7830900FB2756 /* MDB */ = {
			isa = PBXNativeTarget;
			buildConfigurationList = 90BD99CD1FF7830A00FB2756 /* Build configuration list for PBXNativeTarget "MDB" */;
			buildPhases = (
				90BD99A11FF7830900FB2756 /* Sources */,
				90BD99A21FF7830900FB2756 /* Frameworks */,
				90BD99A31FF7830900FB2756 /* Resources */,
			);
			buildRules = (
			);
			dependencies = (
			);
			name = MDB;
			productName = MDB;
			productReference = 90BD99A51FF7830900FB2756 /* MDB.app */;
			productType = "com.apple.product-type.application";
		};
		90BD99B81FF7830900FB2756 /* MDBTests */ = {
			isa = PBXNativeTarget;
			buildConfigurationList = 90BD99D01FF7830A00FB2756 /* Build configuration list for PBXNativeTarget "MDBTests" */;
			buildPhases = (
				90BD99B51FF7830900FB2756 /* Sources */,
				90BD99B61FF7830900FB2756 /* Frameworks */,
				90BD99B71FF7830900FB2756 /* Resources */,
			);
			buildRules = (
			);
			dependencies = (
				90BD99BB1FF7830900FB2756 /* PBXTargetDependency */,
			);
			name = MDBTests;
			productName = MDBTests;
			productReference = 90BD99B91FF7830900FB2756 /* MDBTests.xctest */;
			productType = "com.apple.product-type.bundle.unit-test";
		};
		90BD99C31FF7830900FB2756 /* MDBUITests */ = {
			isa = PBXNativeTarget;
			buildConfigurationList = 90BD99D31FF7830A00FB2756 /* Build configuration list for PBXNativeTarget "MDBUITests" */;
			buildPhases = (
				90BD99C01FF7830900FB2756 /* Sources */,
				90BD99C11FF7830900FB2756 /* Frameworks */,
				90BD99C21FF7830900FB2756 /* Resources */,
			);
			buildRules = (
			);
			dependencies = (
				90BD99C61FF7830900FB2756 /* PBXTargetDependency */,
			);
			name = MDBUITests;
			productName = MDBUITests;
			productReference = 90BD99C41FF7830900FB2756 /* MDBUITests.xctest */;
			productType = "com.apple.product-type.bundle.ui-testing";
		};
/* End PBXNativeTarget section */

/* Begin PBXProject section */
		90BD999D1FF7830900FB2756 /* Project object */ = {
			isa = PBXProject;
			attributes = {
				LastSwiftUpdateCheck = 0920;
				LastUpgradeCheck = 0920;
				ORGANIZATIONNAME = "Suransh Chopra";
				TargetAttributes = {
					90BD99A41FF7830900FB2756 = {
						CreatedOnToolsVersion = 9.2;
						ProvisioningStyle = Automatic;
					};
					90BD99B81FF7830900FB2756 = {
						CreatedOnToolsVersion = 9.2;
						ProvisioningStyle = Automatic;
						TestTargetID = 90BD99A41FF7830900FB2756;
					};
					90BD99C31FF7830900FB2756 = {
						CreatedOnToolsVersion = 9.2;
						ProvisioningStyle = Automatic;
						TestTargetID = 90BD99A41FF7830900FB2756;
					};
				};
			};
			buildConfigurationList = 90BD99A01FF7830900FB2756 /* Build configuration list for PBXProject "MDB" */;
			compatibilityVersion = "Xcode 8.0";
			developmentRegion = en;
			hasScannedForEncodings = 0;
			knownRegions = (
				en,
				Base,
			);
			mainGroup = 90BD999C1FF7830900FB2756;
			productRefGroup = 90BD99A61FF7830900FB2756 /* Products */;
			projectDirPath = "";
			projectRoot = "";
			targets = (
				90BD99A41FF7830900FB2756 /* MDB */,
				90BD99B81FF7830900FB2756 /* MDBTests */,
				90BD99C31FF7830900FB2756 /* MDBUITests */,
			);
		};
/* End PBXProject section */

/* Begin PBXResourcesBuildPhase section */
		90BD99A31FF7830900FB2756 /* Resources */ = {
			isa = PBXResourcesBuildPhase;
			buildActionMask = 2147483647;
			files = (
				90BD99B31FF7830900FB2756 /* LaunchScreen.storyboard in Resources */,
				90BD99B01FF7830900FB2756 /* Assets.xcassets in Resources */,
				90BD99AE1FF7830900FB2756 /* Main.storyboard in Resources */,
			);
			runOnlyForDeploymentPostprocessing = 0;
		};
		90BD99B71FF7830900FB2756 /* Resources */ = {
			isa = PBXResourcesBuildPhase;
			buildActionMask = 2147483647;
			files = (
			);
			runOnlyForDeploymentPostprocessing = 0;
		};
		90BD99C21FF7830900FB2756 /* Resources */ = {
			isa = PBXResourcesBuildPhase;
			buildActionMask = 2147483647;
			files = (
			);
			runOnlyForDeploymentPostprocessing = 0;
		};
/* End PBXResourcesBuildPhase section */

/* Begin PBXSourcesBuildPhase section */
		90BD99A11FF7830900FB2756 /* Sources */ = {
			isa = PBXSourcesBuildPhase;
			buildActionMask = 2147483647;
			files = (
				90A30E401FFBFC4F0046A03F /* SearchViewController.swift in Sources */,
				90BD99DC1FF78A7600FB2756 /* Constats.swift in Sources */,
				90BD99AB1FF7830900FB2756 /* MainViewController.swift in Sources */,
				9073569A1FFEC5470063AE57 /* TVShows.swift in Sources */,
				90BD99A91FF7830900FB2756 /* AppDelegate.swift in Sources */,
				907D4DC02006D7FC000E765D /* ImageCaching.swift in Sources */,
				90BD99DE1FF7C0A500FB2756 /* MovieCell.swift in Sources */,
				90BD99DA1FF785B900FB2756 /* Movie.swift in Sources */,
			);
			runOnlyForDeploymentPostprocessing = 0;
		};
		90BD99B51FF7830900FB2756 /* Sources */ = {
			isa = PBXSourcesBuildPhase;
			buildActionMask = 2147483647;
			files = (
				90BD99BE1FF7830900FB2756 /* MDBTests.swift in Sources */,
			);
			runOnlyForDeploymentPostprocessing = 0;
		};
		90BD99C01FF7830900FB2756 /* Sources */ = {
			isa = PBXSourcesBuildPhase;
			buildActionMask = 2147483647;
			files = (
				90BD99C91FF7830900FB2756 /* MDBUITests.swift in Sources */,
			);
			runOnlyForDeploymentPostprocessing = 0;
		};
/* End PBXSourcesBuildPhase section */

/* Begin PBXTargetDependency section */
		90BD99BB1FF7830900FB2756 /* PBXTargetDependency */ = {
			isa = PBXTargetDependency;
			target = 90BD99A41FF7830900FB2756 /* MDB */;
			targetProxy = 90BD99BA1FF7830900FB2756 /* PBXContainerItemProxy */;
		};
		90BD99C61FF7830900FB2756 /* PBXTargetDependency */ = {
			isa = PBXTargetDependency;
			target = 90BD99A41FF7830900FB2756 /* MDB */;
			targetProxy = 90BD99C51FF7830900FB2756 /* PBXContainerItemProxy */;
		};
/* End PBXTargetDependency section */

/* Begin PBXVariantGroup section */
		90BD99AC1FF7830900FB2756 /* Main.storyboard */ = {
			isa = PBXVariantGroup;
			children = (
				90BD99AD1FF7830900FB2756 /* Base */,
			);
			name = Main.storyboard;
			sourceTree = "<group>";
		};
		90BD99B11FF7830900FB2756 /* LaunchScreen.storyboard */ = {
			isa = PBXVariantGroup;
			children = (
				90BD99B21FF7830900FB2756 /* Base */,
			);
			name = LaunchScreen.storyboard;
			sourceTree = "<group>";
		};
/* End PBXVariantGroup section */

/* Begin XCBuildConfiguration section */
		90BD99CB1FF7830A00FB2756 /* Debug */ = {
			isa = XCBuildConfiguration;
			buildSettings = {
				ALWAYS_SEARCH_USER_PATHS = NO;
				CLANG_ANALYZER_NONNULL = YES;
				CLANG_ANALYZER_NUMBER_OBJECT_CONVERSION = YES_AGGRESSIVE;
				CLANG_CXX_LANGUAGE_STANDARD = "gnu++14";
				CLANG_CXX_LIBRARY = "libc++";
				CLANG_ENABLE_MODULES = YES;
				CLANG_ENABLE_OBJC_ARC = YES;
				CLANG_WARN_BLOCK_CAPTURE_AUTORELEASING = YES;
				CLANG_WARN_BOOL_CONVERSION = YES;
				CLANG_WARN_COMMA = YES;
				CLANG_WARN_CONSTANT_CONVERSION = YES;
				CLANG_WARN_DIRECT_OBJC_ISA_USAGE = YES_ERROR;
				CLANG_WARN_DOCUMENTATION_COMMENTS = YES;
				CLANG_WARN_EMPTY_BODY = YES;
				CLANG_WARN_ENUM_CONVERSION = YES;
				CLANG_WARN_INFINITE_RECURSION = YES;
				CLANG_WARN_INT_CONVERSION = YES;
				CLANG_WARN_NON_LITERAL_NULL_CONVERSION = YES;
				CLANG_WARN_OBJC_LITERAL_CONVERSION = YES;
				CLANG_WARN_OBJC_ROOT_CLASS = YES_ERROR;
				CLANG_WARN_RANGE_LOOP_ANALYSIS = YES;
				CLANG_WARN_STRICT_PROTOTYPES = YES;
				CLANG_WARN_SUSPICIOUS_MOVE = YES;
				CLANG_WARN_UNGUARDED_AVAILABILITY = YES_AGGRESSIVE;
				CLANG_WARN_UNREACHABLE_CODE = YES;
				CLANG_WARN__DUPLICATE_METHOD_MATCH = YES;
				CODE_SIGN_IDENTITY = "iPhone Developer";
				COPY_PHASE_STRIP = NO;
				DEBUG_INFORMATION_FORMAT = dwarf;
				ENABLE_STRICT_OBJC_MSGSEND = YES;
				ENABLE_TESTABILITY = YES;
				GCC_C_LANGUAGE_STANDARD = gnu11;
				GCC_DYNAMIC_NO_PIC = NO;
				GCC_NO_COMMON_BLOCKS = YES;
				GCC_OPTIMIZATION_LEVEL = 0;
				GCC_PREPROCESSOR_DEFINITIONS = (
					"DEBUG=1",
					"$(inherited)",
				);
				GCC_WARN_64_TO_32_BIT_CONVERSION = YES;
				GCC_WARN_ABOUT_RETURN_TYPE = YES_ERROR;
				GCC_WARN_UNDECLARED_SELECTOR = YES;
				GCC_WARN_UNINITIALIZED_AUTOS = YES_AGGRESSIVE;
				GCC_WARN_UNUSED_FUNCTION = YES;
				GCC_WARN_UNUSED_VARIABLE = YES;
				IPHONEOS_DEPLOYMENT_TARGET = 11.2;
				MTL_ENABLE_DEBUG_INFO = YES;
				ONLY_ACTIVE_ARCH = YES;
				SDKROOT = iphoneos;
				SWIFT_ACTIVE_COMPILATION_CONDITIONS = DEBUG;
				SWIFT_OPTIMIZATION_LEVEL = "-Onone";
			};
			name = Debug;
		};
		90BD99CC1FF7830A00FB2756 /* Release */ = {
			isa = XCBuildConfiguration;
			buildSettings = {
				ALWAYS_SEARCH_USER_PATHS = NO;
				CLANG_ANALYZER_NONNULL = YES;
				CLANG_ANALYZER_NUMBER_OBJECT_CONVERSION = YES_AGGRESSIVE;
				CLANG_CXX_LANGUAGE_STANDARD = "gnu++14";
				CLANG_CXX_LIBRARY = "libc++";
				CLANG_ENABLE_MODULES = YES;
				CLANG_ENABLE_OBJC_ARC = YES;
				CLANG_WARN_BLOCK_CAPTURE_AUTORELEASING = YES;
				CLANG_WARN_BOOL_CONVERSION = YES;
				CLANG_WARN_COMMA = YES;
				CLANG_WARN_CONSTANT_CONVERSION = YES;
				CLANG_WARN_DIRECT_OBJC_ISA_USAGE = YES_ERROR;
				CLANG_WARN_DOCUMENTATION_COMMENTS = YES;
				CLANG_WARN_EMPTY_BODY = YES;
				CLANG_WARN_ENUM_CONVERSION = YES;
				CLANG_WARN_INFINITE_RECURSION = YES;
				CLANG_WARN_INT_CONVERSION = YES;
				CLANG_WARN_NON_LITERAL_NULL_CONVERSION = YES;
				CLANG_WARN_OBJC_LITERAL_CONVERSION = YES;
				CLANG_WARN_OBJC_ROOT_CLASS = YES_ERROR;
				CLANG_WARN_RANGE_LOOP_ANALYSIS = YES;
				CLANG_WARN_STRICT_PROTOTYPES = YES;
				CLANG_WARN_SUSPICIOUS_MOVE = YES;
				CLANG_WARN_UNGUARDED_AVAILABILITY = YES_AGGRESSIVE;
				CLANG_WARN_UNREACHABLE_CODE = YES;
				CLANG_WARN__DUPLICATE_METHOD_MATCH = YES;
				CODE_SIGN_IDENTITY = "iPhone Developer";
				COPY_PHASE_STRIP = NO;
				DEBUG_INFORMATION_FORMAT = "dwarf-with-dsym";
				ENABLE_NS_ASSERTIONS = NO;
				ENABLE_STRICT_OBJC_MSGSEND = YES;
				GCC_C_LANGUAGE_STANDARD = gnu11;
				GCC_NO_COMMON_BLOCKS = YES;
				GCC_WARN_64_TO_32_BIT_CONVERSION = YES;
				GCC_WARN_ABOUT_RETURN_TYPE = YES_ERROR;
				GCC_WARN_UNDECLARED_SELECTOR = YES;
				GCC_WARN_UNINITIALIZED_AUTOS = YES_AGGRESSIVE;
				GCC_WARN_UNUSED_FUNCTION = YES;
				GCC_WARN_UNUSED_VARIABLE = YES;
				IPHONEOS_DEPLOYMENT_TARGET = 11.2;
				MTL_ENABLE_DEBUG_INFO = NO;
				SDKROOT = iphoneos;
				SWIFT_OPTIMIZATION_LEVEL = "-Owholemodule";
				VALIDATE_PRODUCT = YES;
			};
			name = Release;
		};
		90BD99CE1FF7830A00FB2756 /* Debug */ = {
			isa = XCBuildConfiguration;
			buildSettings = {
				ASSETCATALOG_COMPILER_APPICON_NAME = AppIcon;
				CODE_SIGN_STYLE = Automatic;
				INFOPLIST_FILE = MDB/Info.plist;
				LD_RUNPATH_SEARCH_PATHS = "$(inherited) @executable_path/Frameworks";
				PRODUCT_BUNDLE_IDENTIFIER = tech.suranshchopra.MDB;
				PRODUCT_NAME = "$(TARGET_NAME)";
				SWIFT_VERSION = 4.0;
				TARGETED_DEVICE_FAMILY = "1,2";
			};
			name = Debug;
		};
		90BD99CF1FF7830A00FB2756 /* Release */ = {
			isa = XCBuildConfiguration;
			buildSettings = {
				ASSETCATALOG_COMPILER_APPICON_NAME = AppIcon;
				CODE_SIGN_STYLE = Automatic;
				INFOPLIST_FILE = MDB/Info.plist;
				LD_RUNPATH_SEARCH_PATHS = "$(inherited) @executable_path/Frameworks";
				PRODUCT_BUNDLE_IDENTIFIER = tech.suranshchopra.MDB;
				PRODUCT_NAME = "$(TARGET_NAME)";
				SWIFT_VERSION = 4.0;
				TARGETED_DEVICE_FAMILY = "1,2";
			};
			name = Release;
		};
		90BD99D11FF7830A00FB2756 /* Debug */ = {
			isa = XCBuildConfiguration;
			buildSettings = {
				ALWAYS_EMBED_SWIFT_STANDARD_LIBRARIES = YES;
				BUNDLE_LOADER = "$(TEST_HOST)";
				CODE_SIGN_STYLE = Automatic;
				INFOPLIST_FILE = MDBTests/Info.plist;
				LD_RUNPATH_SEARCH_PATHS = "$(inherited) @executable_path/Frameworks @loader_path/Frameworks";
				PRODUCT_BUNDLE_IDENTIFIER = tech.suranshchopra.MDBTests;
				PRODUCT_NAME = "$(TARGET_NAME)";
				SWIFT_VERSION = 4.0;
				TARGETED_DEVICE_FAMILY = "1,2";
				TEST_HOST = "$(BUILT_PRODUCTS_DIR)/MDB.app/MDB";
			};
			name = Debug;
		};
		90BD99D21FF7830A00FB2756 /* Release */ = {
			isa = XCBuildConfiguration;
			buildSettings = {
				ALWAYS_EMBED_SWIFT_STANDARD_LIBRARIES = YES;
				BUNDLE_LOADER = "$(TEST_HOST)";
				CODE_SIGN_STYLE = Automatic;
				INFOPLIST_FILE = MDBTests/Info.plist;
				LD_RUNPATH_SEARCH_PATHS = "$(inherited) @executable_path/Frameworks @loader_path/Frameworks";
				PRODUCT_BUNDLE_IDENTIFIER = tech.suranshchopra.MDBTests;
				PRODUCT_NAME = "$(TARGET_NAME)";
				SWIFT_VERSION = 4.0;
				TARGETED_DEVICE_FAMILY = "1,2";
				TEST_HOST = "$(BUILT_PRODUCTS_DIR)/MDB.app/MDB";
			};
			name = Release;
		};
		90BD99D41FF7830A00FB2756 /* Debug */ = {
			isa = XCBuildConfiguration;
			buildSettings = {
				ALWAYS_EMBED_SWIFT_STANDARD_LIBRARIES = YES;
				CODE_SIGN_STYLE = Automatic;
				INFOPLIST_FILE = MDBUITests/Info.plist;
				LD_RUNPATH_SEARCH_PATHS = "$(inherited) @executable_path/Frameworks @loader_path/Frameworks";
				PRODUCT_BUNDLE_IDENTIFIER = tech.suranshchopra.MDBUITests;
				PRODUCT_NAME = "$(TARGET_NAME)";
				SWIFT_VERSION = 4.0;
				TARGETED_DEVICE_FAMILY = "1,2";
				TEST_TARGET_NAME = MDB;
			};
			name = Debug;
		};
		90BD99D51FF7830A00FB2756 /* Release */ = {
			isa = XCBuildConfiguration;
			buildSettings = {
				ALWAYS_EMBED_SWIFT_STANDARD_LIBRARIES = YES;
				CODE_SIGN_STYLE = Automatic;
				INFOPLIST_FILE = MDBUITests/Info.plist;
				LD_RUNPATH_SEARCH_PATHS = "$(inherited) @executable_path/Frameworks @loader_path/Frameworks";
				PRODUCT_BUNDLE_IDENTIFIER = tech.suranshchopra.MDBUITests;
				PRODUCT_NAME = "$(TARGET_NAME)";
				SWIFT_VERSION = 4.0;
				TARGETED_DEVICE_FAMILY = "1,2";
				TEST_TARGET_NAME = MDB;
			};
			name = Release;
		};
/* End XCBuildConfiguration section */

/* Begin XCConfigurationList section */
		90BD99A01FF7830900FB2756 /* Build configuration list for PBXProject "MDB" */ = {
			isa = XCConfigurationList;
			buildConfigurations = (
				90BD99CB1FF7830A00FB2756 /* Debug */,
				90BD99CC1FF7830A00FB2756 /* Release */,
			);
			defaultConfigurationIsVisible = 0;
			defaultConfigurationName = Release;
		};
		90BD99CD1FF7830A00FB2756 /* Build configuration list for PBXNativeTarget "MDB" */ = {
			isa = XCConfigurationList;
			buildConfigurations = (
				90BD99CE1FF7830A00FB2756 /* Debug */,
				90BD99CF1FF7830A00FB2756 /* Release */,
			);
			defaultConfigurationIsVisible = 0;
			defaultConfigurationName = Release;
		};
		90BD99D01FF7830A00FB2756 /* Build configuration list for PBXNativeTarget "MDBTests" */ = {
			isa = XCConfigurationList;
			buildConfigurations = (
				90BD99D11FF7830A00FB2756 /* Debug */,
				90BD99D21FF7830A00FB2756 /* Release */,
			);
			defaultConfigurationIsVisible = 0;
			defaultConfigurationName = Release;
		};
		90BD99D31FF7830A00FB2756 /* Build configuration list for PBXNativeTarget "MDBUITests" */ = {
			isa = XCConfigurationList;
			buildConfigurations = (
				90BD99D41FF7830A00FB2756 /* Debug */,
				90BD99D51FF7830A00FB2756 /* Release */,
			);
			defaultConfigurationIsVisible = 0;
			defaultConfigurationName = Release;
		};
/* End XCConfigurationList section */
	};
	rootObject = 90BD999D1FF7830900FB2756 /* Project object */;
}
